
Microsoft Visual Studio Solution File, Format Version 12.00
# Visual Studio Version 16
VisualStudioVersion = 16.0.30804.86
MinimumVisualStudioVersion = 10.0.40219.1
Project("{9A19103F-16F7-4668-BE54-9A1E7A4F7556}") = "TestApp.LoggingProxy.API", "TestApp.LoggingProxy.API\TestApp.LoggingProxy.API.csproj", "{9B40EFE5-25B1-4831-999C-734A1A93A1B5}"
EndProject
Project("{9A19103F-16F7-4668-BE54-9A1E7A4F7556}") = "TestApp.LoggingProxy.Contracts", "TestApp.LoggingProxy.Contracts\TestApp.LoggingProxy.Contracts.csproj", "{956D3654-D9A5-49E9-BBCC-27E6CDC17F3C}"
EndProject
Project("{2150E333-8FDC-42A3-9474-1A3956D46DE8}") = "AirTable", "AirTable", "{E3D177B4-9ADF-4D0E-B734-980DE93732A6}"
EndProject
Project("{9A19103F-16F7-4668-BE54-9A1E7A4F7556}") = "TestApp.LoggingProxy.Services", "TestApp.LoggingProxy.Services\TestApp.LoggingProxy.Services.csproj", "{3A072D33-9CD6-428A-8057-3049ECBD6AFF}"
EndProject
Project("{2150E333-8FDC-42A3-9474-1A3956D46DE8}") = "tests", "tests", "{38EA0A26-BC76-43A3-BDF7-4A54DAFD1CE4}"
EndProject
Project("{9A19103F-16F7-4668-BE54-9A1E7A4F7556}") = "TestApp.LoggingProxy.Services.UnitTests", "tests\TestApp.LoggingProxy.Services.UnitTests\TestApp.LoggingProxy.Services.UnitTests.csproj", "{1BE32E99-F54F-47C6-8E10-894D3E763F62}"
EndProject
Project("{9A19103F-16F7-4668-BE54-9A1E7A4F7556}") = "TestApp.LoggingProxy.AirTable.Services.UnitTests", "tests\TestApp.LoggingProxy.AirTable.Services.UnitTests\TestApp.LoggingProxy.AirTable.Services.UnitTests.csproj", "{2CB61F22-AF0E-42D8-A09A-A1729CFDEAE3}"
EndProject
Project("{9A19103F-16F7-4668-BE54-9A1E7A4F7556}") = "TestApp.LoggingProxy.AirTable.Contracts", "AirTable\TestApp.LoggingProxy.AirTable.Contracts\TestApp.LoggingProxy.AirTable.Contracts.csproj", "{BED37208-4974-4F5D-977E-FCCBEDE3B00F}"
EndProject
Project("{9A19103F-16F7-4668-BE54-9A1E7A4F7556}") = "TestApp.LoggingProxy.AirTable.Services", "AirTable\TestApp.LoggingProxy.AirTable.Services\TestApp.LoggingProxy.AirTable.Services.csproj", "{8BE3904D-BF33-43DF-B77F-745A9AB0EF18}"
EndProject
Global
	GlobalSection(SolutionConfigurationPlatforms) = preSolution
		Debug|Any CPU = Debug|Any CPU
		Release|Any CPU = Release|Any CPU
	EndGlobalSection
	GlobalSection(ProjectConfigurationPlatforms) = postSolution
		{9B40EFE5-25B1-4831-999C-734A1A93A1B5}.Debug|Any CPU.ActiveCfg = Debug|Any CPU
		{9B40EFE5-25B1-4831-999C-734A1A93A1B5}.Debug|Any CPU.Build.0 = Debug|Any CPU
		{9B40EFE5-25B1-4831-999C-734A1A93A1B5}.Release|Any CPU.ActiveCfg = Release|Any CPU
		{9B40EFE5-25B1-4831-999C-734A1A93A1B5}.Release|Any CPU.Build.0 = Release|Any CPU
		{956D3654-D9A5-49E9-BBCC-27E6CDC17F3C}.Debug|Any CPU.ActiveCfg = Debug|Any CPU
		{956D3654-D9A5-49E9-BBCC-27E6CDC17F3C}.Debug|Any CPU.Build.0 = Debug|Any CPU
		{956D3654-D9A5-49E9-BBCC-27E6CDC17F3C}.Release|Any CPU.ActiveCfg = Release|Any CPU
		{956D3654-D9A5-49E9-BBCC-27E6CDC17F3C}.Release|Any CPU.Build.0 = Release|Any CPU
		{3A072D33-9CD6-428A-8057-3049ECBD6AFF}.Debug|Any CPU.ActiveCfg = Debug|Any CPU
		{3A072D33-9CD6-428A-8057-3049ECBD6AFF}.Debug|Any CPU.Build.0 = Debug|Any CPU
		{3A072D33-9CD6-428A-8057-3049ECBD6AFF}.Release|Any CPU.ActiveCfg = Release|Any CPU
		{3A072D33-9CD6-428A-8057-3049ECBD6AFF}.Release|Any CPU.Build.0 = Release|Any CPU
		{1BE32E99-F54F-47C6-8E10-894D3E763F62}.Debug|Any CPU.ActiveCfg = Debug|Any CPU
		{1BE32E99-F54F-47C6-8E10-894D3E763F62}.Debug|Any CPU.Build.0 = Debug|Any CPU
		{1BE32E99-F54F-47C6-8E10-894D3E763F62}.Release|Any CPU.ActiveCfg = Release|Any CPU
		{1BE32E99-F54F-47C6-8E10-894D3E763F62}.Release|Any CPU.Build.0 = Release|Any CPU
		{2CB61F22-AF0E-42D8-A09A-A1729CFDEAE3}.Debug|Any CPU.ActiveCfg = Debug|Any CPU
		{2CB61F22-AF0E-42D8-A09A-A1729CFDEAE3}.Debug|Any CPU.Build.0 = Debug|Any CPU
		{2CB61F22-AF0E-42D8-A09A-A1729CFDEAE3}.Release|Any CPU.ActiveCfg = Release|Any CPU
		{2CB61F22-AF0E-42D8-A09A-A1729CFDEAE3}.Release|Any CPU.Build.0 = Release|Any CPU
		{BED37208-4974-4F5D-977E-FCCBEDE3B00F}.Debug|Any CPU.ActiveCfg = Debug|Any CPU
		{BED37208-4974-4F5D-977E-FCCBEDE3B00F}.Debug|Any CPU.Build.0 = Debug|Any CPU
		{BED37208-4974-4F5D-977E-FCCBEDE3B00F}.Release|Any CPU.ActiveCfg = Release|Any CPU
		{BED37208-4974-4F5D-977E-FCCBEDE3B00F}.Release|Any CPU.Build.0 = Release|Any CPU
		{8BE3904D-BF33-43DF-B77F-745A9AB0EF18}.Debug|Any CPU.ActiveCfg = Debug|Any CPU
		{8BE3904D-BF33-43DF-B77F-745A9AB0EF18}.Debug|Any CPU.Build.0 = Debug|Any CPU
		{8BE3904D-BF33-43DF-B77F-745A9AB0EF18}.Release|Any CPU.ActiveCfg = Release|Any CPU
		{8BE3904D-BF33-43DF-B77F-745A9AB0EF18}.Release|Any CPU.Build.0 = Release|Any CPU
	EndGlobalSection
	GlobalSection(SolutionProperties) = preSolution
		HideSolutionNode = FALSE
	EndGlobalSection
	GlobalSection(NestedProjects) = preSolution
		{1BE32E99-F54F-47C6-8E10-894D3E763F62} = {38EA0A26-BC76-43A3-BDF7-4A54DAFD1CE4}
		{2CB61F22-AF0E-42D8-A09A-A1729CFDEAE3} = {38EA0A26-BC76-43A3-BDF7-4A54DAFD1CE4}
		{BED37208-4974-4F5D-977E-FCCBEDE3B00F} = {E3D177B4-9ADF-4D0E-B734-980DE93732A6}
		{8BE3904D-BF33-43DF-B77F-745A9AB0EF18} = {E3D177B4-9ADF-4D0E-B734-980DE93732A6}
	EndGlobalSection
	GlobalSection(ExtensibilityGlobals) = postSolution
		SolutionGuid = {B36771DA-8867-46FF-9CEF-4A61E70B9CEA}
	EndGlobalSection
EndGlobal
